
Microsoft Visual Studio Solution File, Format Version 12.00
# Visual Studio Version 16
VisualStudioVersion = 16.0.33214.272
MinimumVisualStudioVersion = 10.0.40219.1
Project("{FAE04EC0-301F-11D3-BF4B-00C04F79EFBC}") = "BackendDevIntroDALWebApp", "BackendDevIntroDALWebApp\BackendDevIntroDALWebApp.csproj", "{BC1DC47F-7CD2-4634-A714-BA0CDD640E59}"
EndProject
Global
	GlobalSection(SolutionConfigurationPlatforms) = preSolution
		Debug|Any CPU = Debug|Any CPU
		Release|Any CPU = Release|Any CPU
	EndGlobalSection
	GlobalSection(ProjectConfigurationPlatforms) = postSolution
		{BC1DC47F-7CD2-4634-A714-BA0CDD640E59}.Debug|Any CPU.ActiveCfg = Debug|Any CPU
		{BC1DC47F-7CD2-4634-A714-BA0CDD640E59}.Debug|Any CPU.Build.0 = Debug|Any CPU
		{BC1DC47F-7CD2-4634-A714-BA0CDD640E59}.Release|Any CPU.ActiveCfg = Release|Any CPU
		{BC1DC47F-7CD2-4634-A714-BA0CDD640E59}.Release|Any CPU.Build.0 = Release|Any CPU
	EndGlobalSection
	GlobalSection(SolutionProperties) = preSolution
		HideSolutionNode = FALSE
	EndGlobalSection
	GlobalSection(ExtensibilityGlobals) = postSolution
		SolutionGuid = {E8D6A9EC-A0CA-42C3-89C5-439D065B1D0E}
	EndGlobalSection
EndGlobal
